
Microsoft Visual Studio Solution File, Format Version 12.00
# Visual Studio Version 17
VisualStudioVersion = 17.2.32616.157
MinimumVisualStudioVersion = 10.0.40219.1
Project("{2150E333-8FDC-42A3-9474-1A3956D46DE8}") = "src", "src", "{AD604BAE-6A1A-46B9-87AE-4612DADA62E1}"
EndProject
Project("{9A19103F-16F7-4668-BE54-9A1E7A4F7556}") = "TeacherIdentity.AuthServer", "src\TeacherIdentity.AuthServer\TeacherIdentity.AuthServer.csproj", "{FE43E14A-95E9-4218-BA91-ED8574320E61}"
EndProject
Project("{2150E333-8FDC-42A3-9474-1A3956D46DE8}") = "Solution Items", "Solution Items", "{139A3697-6578-4A74-9372-A94EEA91090F}"
	ProjectSection(SolutionItems) = preProject
		.editorconfig = .editorconfig
		Directory.Build.props = Directory.Build.props
	EndProjectSection
EndProject
Project("{9A19103F-16F7-4668-BE54-9A1E7A4F7556}") = "TeacherIdentity.TestClient", "src\TeacherIdentity.TestClient\TeacherIdentity.TestClient.csproj", "{DE7255C6-DE18-4257-8DC7-FAA9BE218158}"
EndProject
Project("{9A19103F-16F7-4668-BE54-9A1E7A4F7556}") = "TeacherIdentity.ClientCredentialsSample", "src\TeacherIdentity.ClientCredentialsSample\TeacherIdentity.ClientCredentialsSample.csproj", "{BD6CB4BC-C607-48AF-9C7F-06C32FA84832}"
EndProject
Project("{9A19103F-16F7-4668-BE54-9A1E7A4F7556}") = "TeacherIdentity.SampleApi", "src\TeacherIdentity.SampleApi\TeacherIdentity.SampleApi.csproj", "{477DAE8C-F9A7-4C9E-8D45-66238E07537C}"
EndProject
Project("{9A19103F-16F7-4668-BE54-9A1E7A4F7556}") = "TeacherIdentity.KeyGenerator", "src\TeacherIdentity.KeyGenerator\TeacherIdentity.KeyGenerator.csproj", "{06195501-2ED1-4BD2-AAFB-87C22801F7FD}"
EndProject
Project("{2150E333-8FDC-42A3-9474-1A3956D46DE8}") = "test", "test", "{D8D752A9-F33A-4CDF-86A7-EC062A41A57D}"
EndProject
Project("{9A19103F-16F7-4668-BE54-9A1E7A4F7556}") = "TeacherIdentity.AuthServer.EndToEndTests", "test\TeacherIdentity.AuthServer.EndToEndTests\TeacherIdentity.AuthServer.EndToEndTests.csproj", "{9D2CB114-86CB-4431-A9E1-5C0AD5AA3988}"
EndProject
Project("{9A19103F-16F7-4668-BE54-9A1E7A4F7556}") = "TeacherIdentity.AuthServer.Tests", "test\TeacherIdentity.AuthServer.Tests\TeacherIdentity.AuthServer.Tests.csproj", "{1AAAB1A6-7BC8-47F9-9919-C3404B3BF02E}"
EndProject
Project("{9A19103F-16F7-4668-BE54-9A1E7A4F7556}") = "TeacherIdentity.AuthServer.TestCommon", "test\TeacherIdentity.AuthServer.TestCommon\TeacherIdentity.AuthServer.TestCommon.csproj", "{F101CEA4-DA68-449A-8096-0413C4248B83}"
EndProject
Global
	GlobalSection(SolutionConfigurationPlatforms) = preSolution
		Debug|Any CPU = Debug|Any CPU
		Release|Any CPU = Release|Any CPU
	EndGlobalSection
	GlobalSection(ProjectConfigurationPlatforms) = postSolution
		{FE43E14A-95E9-4218-BA91-ED8574320E61}.Debug|Any CPU.ActiveCfg = Debug|Any CPU
		{FE43E14A-95E9-4218-BA91-ED8574320E61}.Debug|Any CPU.Build.0 = Debug|Any CPU
		{FE43E14A-95E9-4218-BA91-ED8574320E61}.Release|Any CPU.ActiveCfg = Release|Any CPU
		{FE43E14A-95E9-4218-BA91-ED8574320E61}.Release|Any CPU.Build.0 = Release|Any CPU
		{DE7255C6-DE18-4257-8DC7-FAA9BE218158}.Debug|Any CPU.ActiveCfg = Debug|Any CPU
		{DE7255C6-DE18-4257-8DC7-FAA9BE218158}.Debug|Any CPU.Build.0 = Debug|Any CPU
		{DE7255C6-DE18-4257-8DC7-FAA9BE218158}.Release|Any CPU.ActiveCfg = Release|Any CPU
		{DE7255C6-DE18-4257-8DC7-FAA9BE218158}.Release|Any CPU.Build.0 = Release|Any CPU
		{BD6CB4BC-C607-48AF-9C7F-06C32FA84832}.Debug|Any CPU.ActiveCfg = Debug|Any CPU
		{BD6CB4BC-C607-48AF-9C7F-06C32FA84832}.Debug|Any CPU.Build.0 = Debug|Any CPU
		{BD6CB4BC-C607-48AF-9C7F-06C32FA84832}.Release|Any CPU.ActiveCfg = Release|Any CPU
		{BD6CB4BC-C607-48AF-9C7F-06C32FA84832}.Release|Any CPU.Build.0 = Release|Any CPU
		{477DAE8C-F9A7-4C9E-8D45-66238E07537C}.Debug|Any CPU.ActiveCfg = Debug|Any CPU
		{477DAE8C-F9A7-4C9E-8D45-66238E07537C}.Debug|Any CPU.Build.0 = Debug|Any CPU
		{477DAE8C-F9A7-4C9E-8D45-66238E07537C}.Release|Any CPU.ActiveCfg = Release|Any CPU
		{477DAE8C-F9A7-4C9E-8D45-66238E07537C}.Release|Any CPU.Build.0 = Release|Any CPU
		{06195501-2ED1-4BD2-AAFB-87C22801F7FD}.Debug|Any CPU.ActiveCfg = Debug|Any CPU
		{06195501-2ED1-4BD2-AAFB-87C22801F7FD}.Debug|Any CPU.Build.0 = Debug|Any CPU
		{06195501-2ED1-4BD2-AAFB-87C22801F7FD}.Release|Any CPU.ActiveCfg = Release|Any CPU
		{06195501-2ED1-4BD2-AAFB-87C22801F7FD}.Release|Any CPU.Build.0 = Release|Any CPU
		{9D2CB114-86CB-4431-A9E1-5C0AD5AA3988}.Debug|Any CPU.ActiveCfg = Debug|Any CPU
		{9D2CB114-86CB-4431-A9E1-5C0AD5AA3988}.Debug|Any CPU.Build.0 = Debug|Any CPU
		{9D2CB114-86CB-4431-A9E1-5C0AD5AA3988}.Release|Any CPU.ActiveCfg = Release|Any CPU
		{9D2CB114-86CB-4431-A9E1-5C0AD5AA3988}.Release|Any CPU.Build.0 = Release|Any CPU
		{1AAAB1A6-7BC8-47F9-9919-C3404B3BF02E}.Debug|Any CPU.ActiveCfg = Debug|Any CPU
		{1AAAB1A6-7BC8-47F9-9919-C3404B3BF02E}.Debug|Any CPU.Build.0 = Debug|Any CPU
		{1AAAB1A6-7BC8-47F9-9919-C3404B3BF02E}.Release|Any CPU.ActiveCfg = Release|Any CPU
		{1AAAB1A6-7BC8-47F9-9919-C3404B3BF02E}.Release|Any CPU.Build.0 = Release|Any CPU
		{F101CEA4-DA68-449A-8096-0413C4248B83}.Debug|Any CPU.ActiveCfg = Debug|Any CPU
		{F101CEA4-DA68-449A-8096-0413C4248B83}.Debug|Any CPU.Build.0 = Debug|Any CPU
		{F101CEA4-DA68-449A-8096-0413C4248B83}.Release|Any CPU.ActiveCfg = Release|Any CPU
		{F101CEA4-DA68-449A-8096-0413C4248B83}.Release|Any CPU.Build.0 = Release|Any CPU
	EndGlobalSection
	GlobalSection(SolutionProperties) = preSolution
		HideSolutionNode = FALSE
	EndGlobalSection
	GlobalSection(NestedProjects) = preSolution
		{FE43E14A-95E9-4218-BA91-ED8574320E61} = {AD604BAE-6A1A-46B9-87AE-4612DADA62E1}
		{DE7255C6-DE18-4257-8DC7-FAA9BE218158} = {AD604BAE-6A1A-46B9-87AE-4612DADA62E1}
		{BD6CB4BC-C607-48AF-9C7F-06C32FA84832} = {AD604BAE-6A1A-46B9-87AE-4612DADA62E1}
		{477DAE8C-F9A7-4C9E-8D45-66238E07537C} = {AD604BAE-6A1A-46B9-87AE-4612DADA62E1}
		{06195501-2ED1-4BD2-AAFB-87C22801F7FD} = {AD604BAE-6A1A-46B9-87AE-4612DADA62E1}
		{9D2CB114-86CB-4431-A9E1-5C0AD5AA3988} = {D8D752A9-F33A-4CDF-86A7-EC062A41A57D}
		{1AAAB1A6-7BC8-47F9-9919-C3404B3BF02E} = {D8D752A9-F33A-4CDF-86A7-EC062A41A57D}
		{F101CEA4-DA68-449A-8096-0413C4248B83} = {D8D752A9-F33A-4CDF-86A7-EC062A41A57D}
	EndGlobalSection
	GlobalSection(ExtensibilityGlobals) = postSolution
		SolutionGuid = {B0573273-2A14-42F8-8547-AC1BA6756942}
	EndGlobalSection
EndGlobal
