
Microsoft Visual Studio Solution File, Format Version 12.00
# Visual Studio Version 17
VisualStudioVersion = 17.6.33927.249
MinimumVisualStudioVersion = 10.0.40219.1
Project("{FAE04EC0-301F-11D3-BF4B-00C04F79EFBC}") = "OneLoginPoc", "OneLoginPoc.csproj", "{BC1913BA-8A07-4E46-A2C6-C7A8BA23A9AD}"
EndProject
Global
	GlobalSection(SolutionConfigurationPlatforms) = preSolution
		Debug|Any CPU = Debug|Any CPU
		Release|Any CPU = Release|Any CPU
	EndGlobalSection
	GlobalSection(ProjectConfigurationPlatforms) = postSolution
		{BC1913BA-8A07-4E46-A2C6-C7A8BA23A9AD}.Debug|Any CPU.ActiveCfg = Debug|Any CPU
		{BC1913BA-8A07-4E46-A2C6-C7A8BA23A9AD}.Debug|Any CPU.Build.0 = Debug|Any CPU
		{BC1913BA-8A07-4E46-A2C6-C7A8BA23A9AD}.Release|Any CPU.ActiveCfg = Release|Any CPU
		{BC1913BA-8A07-4E46-A2C6-C7A8BA23A9AD}.Release|Any CPU.Build.0 = Release|Any CPU
	EndGlobalSection
	GlobalSection(SolutionProperties) = preSolution
		HideSolutionNode = FALSE
	EndGlobalSection
	GlobalSection(ExtensibilityGlobals) = postSolution
		SolutionGuid = {3189FF36-2289-43CC-85F9-CE7083F5D38D}
	EndGlobalSection
EndGlobal
